
Microsoft Visual Studio Solution File, Format Version 12.00
# Visual Studio Version 17
VisualStudioVersion = 17.7.34031.279
MinimumVisualStudioVersion = 10.0.40219.1
Project("{FAE04EC0-301F-11D3-BF4B-00C04F79EFBC}") = "MVC2Ex", "MVC2Ex\MVC2Ex.csproj", "{1018FCCD-FD5B-4857-BD2F-C7E352476FBE}"
EndProject
Global
	GlobalSection(SolutionConfigurationPlatforms) = preSolution
		Debug|Any CPU = Debug|Any CPU
		Release|Any CPU = Release|Any CPU
	EndGlobalSection
	GlobalSection(ProjectConfigurationPlatforms) = postSolution
		{1018FCCD-FD5B-4857-BD2F-C7E352476FBE}.Debug|Any CPU.ActiveCfg = Debug|Any CPU
		{1018FCCD-FD5B-4857-BD2F-C7E352476FBE}.Debug|Any CPU.Build.0 = Debug|Any CPU
		{1018FCCD-FD5B-4857-BD2F-C7E352476FBE}.Release|Any CPU.ActiveCfg = Release|Any CPU
		{1018FCCD-FD5B-4857-BD2F-C7E352476FBE}.Release|Any CPU.Build.0 = Release|Any CPU
	EndGlobalSection
	GlobalSection(SolutionProperties) = preSolution
		HideSolutionNode = FALSE
	EndGlobalSection
	GlobalSection(ExtensibilityGlobals) = postSolution
		SolutionGuid = {7792FA95-BE67-46A4-89D6-173BBCD19DE4}
	EndGlobalSection
EndGlobal
